<?xml version="1.0" encoding="utf-8"?>
<Project ToolsVersion="4.0" xmlns="http://schemas.microsoft.com/developer/msbuild/2003">
  <ItemGroup>
    <Filter Include="Source Files">
      <UniqueIdentifier>{4FC737F1-C7A5-4376-A066-2A32D752A2FF}</UniqueIdentifier>
      <Extensions>cpp;c;cc;cxx;def;odl;idl;hpj;bat;asm;asmx</Extensions>
    </Filter>
    <Filter Include="Header Files">
      <UniqueIdentifier>{93995380-89BD-4b04-88EB-625FBE52EBFB}</UniqueIdentifier>
      <Extensions>h;hh;hpp;hxx;hm;inl;inc;xsd</Extensions>
    </Filter>
    <Filter Include="GUI">
      <UniqueIdentifier>{a1c795ee-e728-4515-842b-0102d817293e}</UniqueIdentifier>
    </Filter>
    <Filter Include="Resource Files">
      <UniqueIdentifier>{03c30f44-c51d-448b-82fe-ecae7bb9e582}</UniqueIdentifier>
    </Filter>
  </ItemGroup>
  <ItemGroup>
    <ClInclude Include="headers\libs.h">
      <Filter>Header Files</Filter>
    </ClInclude>
    <ClInclude Include="headers\random.h">
      <Filter>Header Files</Filter>
    </ClInclude>
    <ClInclude Include="headers\animator.h">
      <Filter>Header Files</Filter>
    </ClInclude>
    <ClInclude Include="headers\audio.h">
      <Filter>Header Files</Filter>
    </ClInclude>
    <ClInclude Include="headers\clamped.h">
      <Filter>Header Files</Filter>
    </ClInclude>
    <ClInclude Include="headers\configfile.h">
      <Filter>Header Files</Filter>
    </ClInclude>
    <ClInclude Include="headers\file.h">
      <Filter>Header Files</Filter>
    </ClInclude>
    <ClInclude Include="headers\resrcman.h">
      <Filter>Header Files</Filter>
    </ClInclude>
    <ClInclude Include="headers\soundman.h">
      <Filter>Header Files</Filter>
    </ClInclude>
    <ClInclude Include="headers\static.h">
      <Filter>Header Files</Filter>
    </ClInclude>
    <ClInclude Include="headers\strmanip.h">
      <Filter>Header Files</Filter>
    </ClInclude>
    <ClInclude Include="headers\texman.h">
      <Filter>Header Files</Filter>
    </ClInclude>
    <ClInclude Include="headers\thread.h">
      <Filter>Header Files</Filter>
    </ClInclude>
    <ClInclude Include="headers\token.h">
      <Filter>Header Files</Filter>
    </ClInclude>
    <ClInclude Include="headers\util.h">
      <Filter>Header Files</Filter>
    </ClInclude>
    <ClInclude Include="headers\waiting.h">
      <Filter>Header Files</Filter>
    </ClInclude>
    <ClInclude Include="headers\bimap.h">
      <Filter>Header Files</Filter>
    </ClInclude>
    <ClInclude Include="headers\ccmd.h">
      <Filter>Header Files</Filter>
    </ClInclude>
    <ClInclude Include="headers\console.h">
      <Filter>Header Files</Filter>
    </ClInclude>
    <ClInclude Include="headers\cvar.h">
      <Filter>Header Files</Filter>
    </ClInclude>
    <ClInclude Include="headers\externcvar.h">
      <Filter>Header Files</Filter>
    </ClInclude>
    <ClInclude Include="headers\locator.h">
      <Filter>Header Files</Filter>
    </ClInclude>
    <ClInclude Include="headers\main.h">
      <Filter>GUI</Filter>
    </ClInclude>
    <ClInclude Include="headers\mainWindow.h">
      <Filter>GUI</Filter>
    </ClInclude>
    <ClInclude Include="headers\mainFrame.h">
      <Filter>GUI</Filter>
    </ClInclude>
    <ClInclude Include="resource.h">
      <Filter>Resource Files</Filter>
    </ClInclude>
    <ClInclude Include="headers\camera.h">
      <Filter>Header Files</Filter>
    </ClInclude>
    <ClInclude Include="headers\preferences.h">
      <Filter>GUI</Filter>
    </ClInclude>
    <ClInclude Include="headers\SFMLControl.h">
      <Filter>GUI</Filter>
    </ClInclude>
    <ClInclude Include="headers\codewindow.h">
      <Filter>GUI</Filter>
    </ClInclude>
  </ItemGroup>
  <ItemGroup>
    <ClCompile Include="src\animator.cpp">
      <Filter>Source Files</Filter>
    </ClCompile>
    <ClCompile Include="src\audio.cpp">
      <Filter>Source Files</Filter>
    </ClCompile>
    <ClCompile Include="src\configfile.cpp">
      <Filter>Source Files</Filter>
    </ClCompile>
    <ClCompile Include="src\file.cpp">
      <Filter>Source Files</Filter>
    </ClCompile>
    <ClCompile Include="src\soundman.cpp">
      <Filter>Source Files</Filter>
    </ClCompile>
    <ClCompile Include="src\strmanip.cpp">
      <Filter>Source Files</Filter>
    </ClCompile>
    <ClCompile Include="src\texman.cpp">
      <Filter>Source Files</Filter>
    </ClCompile>
    <ClCompile Include="src\thread.cpp">
      <Filter>Source Files</Filter>
    </ClCompile>
    <ClCompile Include="src\token.cpp">
      <Filter>Source Files</Filter>
    </ClCompile>
    <ClCompile Include="src\waiting.cpp">
      <Filter>Source Files</Filter>
    </ClCompile>
    <ClCompile Include="src\ccmd.cpp">
      <Filter>Source Files</Filter>
    </ClCompile>
    <ClCompile Include="src\console.cpp">
      <Filter>Source Files</Filter>
    </ClCompile>
    <ClCompile Include="src\cvar.cpp">
      <Filter>Source Files</Filter>
    </ClCompile>
    <ClCompile Include="src\locator.cpp">
      <Filter>Source Files</Filter>
    </ClCompile>
    <ClCompile Include="src\main.cpp">
      <Filter>GUI</Filter>
    </ClCompile>
    <ClCompile Include="src\mainWindow.cpp">
      <Filter>GUI</Filter>
    </ClCompile>
    <ClCompile Include="src\mainFrame.cpp">
      <Filter>GUI</Filter>
    </ClCompile>
    <ClCompile Include="src\camera.cpp">
      <Filter>Source Files</Filter>
    </ClCompile>
    <ClCompile Include="src\preferences.cpp">
      <Filter>GUI</Filter>
    </ClCompile>
    <ClCompile Include="src\SFMLControl.cpp">
      <Filter>GUI</Filter>
    </ClCompile>
    <ClCompile Include="src\codewindow.cpp">
      <Filter>GUI</Filter>
    </ClCompile>
    <ClCompile Include="src\mainFrameCreation.cpp">
      <Filter>GUI</Filter>
    </ClCompile>
    <ClCompile Include="src\mainFrameEvents.cpp">
      <Filter>GUI</Filter>
    </ClCompile>
  </ItemGroup>
  <ItemGroup>
    <ResourceCompile Include="Danimator.rc">
      <Filter>Resource Files</Filter>
    </ResourceCompile>
  </ItemGroup>
  <ItemGroup>
    <Image Include="icons\frame_bk.png">
      <Filter>Resource Files</Filter>
    </Image>
    <Image Include="icons\frame_fwd.png">
      <Filter>Resource Files</Filter>
    </Image>
    <Image Include="icons\play.png">
      <Filter>Resource Files</Filter>
    </Image>
    <Image Include="icons\projectn.png">
      <Filter>Resource Files</Filter>
    </Image>
    <Image Include="icons\s_add.png">
      <Filter>Resource Files</Filter>
    </Image>
    <Image Include="icons\s_del.png">
      <Filter>Resource Files</Filter>
    </Image>
    <Image Include="icons\sp_add.png">
      <Filter>Resource Files</Filter>
    </Image>
    <Image Include="icons\sp_del.png">
      <Filter>Resource Files</Filter>
    </Image>
    <Image Include="icons\state_add.png">
      <Filter>Resource Files</Filter>
    </Image>
    <Image Include="icons\state_del.png">
      <Filter>Resource Files</Filter>
    </Image>
    <Image Include="icons\state_secede.png">
      <Filter>Resource Files</Filter>
    </Image>
    <Image Include="icons\state_unionize.png">
      <Filter>Resource Files</Filter>
    </Image>
    <Image Include="icons\step.png">
      <Filter>Resource Files</Filter>
    </Image>
    <Image Include="icons\step_gr.png">
      <Filter>Resource Files</Filter>
    </Image>
    <Image Include="icons\stop.png">
      <Filter>Resource Files</Filter>
    </Image>
    <Image Include="icons\to_code.png">
      <Filter>Resource Files</Filter>
    </Image>
    <Image Include="icons\v_code.png">
      <Filter>Resource Files</Filter>
    </Image>
  </ItemGroup>
</Project>